
Microsoft Visual Studio Solution File, Format Version 12.00
# Visual Studio Version 17
VisualStudioVersion = 17.8.34330.188
MinimumVisualStudioVersion = 10.0.40219.1
Project("{FAE04EC0-301F-11D3-BF4B-00C04F79EFBC}") = "Projeto Final -Mód. 10", "Projeto Final -Mód. 10\Projeto Final -Mód. 10.csproj", "{580EC536-0985-4CB6-B611-111EA60431A8}"
EndProject
Global
	GlobalSection(SolutionConfigurationPlatforms) = preSolution
		Debug|Any CPU = Debug|Any CPU
		Release|Any CPU = Release|Any CPU
	EndGlobalSection
	GlobalSection(ProjectConfigurationPlatforms) = postSolution
		{580EC536-0985-4CB6-B611-111EA60431A8}.Debug|Any CPU.ActiveCfg = Debug|Any CPU
		{580EC536-0985-4CB6-B611-111EA60431A8}.Debug|Any CPU.Build.0 = Debug|Any CPU
		{580EC536-0985-4CB6-B611-111EA60431A8}.Release|Any CPU.ActiveCfg = Release|Any CPU
		{580EC536-0985-4CB6-B611-111EA60431A8}.Release|Any CPU.Build.0 = Release|Any CPU
	EndGlobalSection
	GlobalSection(SolutionProperties) = preSolution
		HideSolutionNode = FALSE
	EndGlobalSection
	GlobalSection(ExtensibilityGlobals) = postSolution
		SolutionGuid = {B24BE4BC-9DAA-48D0-89A3-BAB170B1F5CD}
	EndGlobalSection
EndGlobal
